
Microsoft Visual Studio Solution File, Format Version 12.00
# Visual Studio Version 17
VisualStudioVersion = 17.11.35312.102
MinimumVisualStudioVersion = 10.0.40219.1
Project("{FAE04EC0-301F-11D3-BF4B-00C04F79EFBC}") = "DesktopClient", "DesktopClient.csproj", "{660CB25E-DB77-4FC8-A409-9033BEB9A178}"
EndProject
Global
	GlobalSection(SolutionConfigurationPlatforms) = preSolution
		Debug|Any CPU = Debug|Any CPU
		Release|Any CPU = Release|Any CPU
	EndGlobalSection
	GlobalSection(ProjectConfigurationPlatforms) = postSolution
		{91916F99-0666-4086-B7AE-CCD3D3CD6D0C}.Debug|Any CPU.ActiveCfg = Debug|Any CPU
		{91916F99-0666-4086-B7AE-CCD3D3CD6D0C}.Debug|Any CPU.Build.0 = Debug|Any CPU
		{91916F99-0666-4086-B7AE-CCD3D3CD6D0C}.Release|Any CPU.ActiveCfg = Release|Any CPU
		{91916F99-0666-4086-B7AE-CCD3D3CD6D0C}.Release|Any CPU.Build.0 = Release|Any CPU
		{660CB25E-DB77-4FC8-A409-9033BEB9A178}.Debug|Any CPU.ActiveCfg = Debug|Any CPU
		{660CB25E-DB77-4FC8-A409-9033BEB9A178}.Debug|Any CPU.Build.0 = Debug|Any CPU
		{660CB25E-DB77-4FC8-A409-9033BEB9A178}.Release|Any CPU.ActiveCfg = Release|Any CPU
		{660CB25E-DB77-4FC8-A409-9033BEB9A178}.Release|Any CPU.Build.0 = Release|Any CPU
	EndGlobalSection
	GlobalSection(SolutionProperties) = preSolution
		HideSolutionNode = FALSE
	EndGlobalSection
	GlobalSection(ExtensibilityGlobals) = postSolution
		SolutionGuid = {81A3ED67-1A13-4846-90D6-712D5BCC2100}
	EndGlobalSection
EndGlobal
